
Microsoft Visual Studio Solution File, Format Version 12.00
# Visual Studio Version 17
VisualStudioVersion = 17.13.35913.81
MinimumVisualStudioVersion = 10.0.40219.1
Project("{FAE04EC0-301F-11D3-BF4B-00C04F79EFBC}") = "Data", "Data\Data.csproj", "{1D33353C-6DA7-47B6-9F06-A9BAEEFA4B4F}"
EndProject
Project("{FAE04EC0-301F-11D3-BF4B-00C04F79EFBC}") = "BusinessLogic", "BusinessLogic\BusinessLogic.csproj", "{8462AE1A-D4F1-432B-8096-282C5052AD2B}"
EndProject
Project("{FAE04EC0-301F-11D3-BF4B-00C04F79EFBC}") = "PresentationModel", "PresentationModel\PresentationModel.csproj", "{691AB9A6-C89A-4B8B-B368-2020B66296D5}"
EndProject
Project("{FAE04EC0-301F-11D3-BF4B-00C04F79EFBC}") = "PresentationView", "PresentationView\PresentationView.csproj", "{E84D04B7-FA6A-4DF8-B6D7-BB4497329C03}"
EndProject
Project("{FAE04EC0-301F-11D3-BF4B-00C04F79EFBC}") = "PresentationViewModel", "PresentationViewModel\PresentationViewModel.csproj", "{22E414AF-5AC9-4A9E-A55A-717CE94A30E7}"
EndProject
Project("{FAE04EC0-301F-11D3-BF4B-00C04F79EFBC}") = "BusinessLogicTest", "BusinessLogicTest\BusinessLogicTest.csproj", "{009CF956-348B-41DF-B5DF-5043AC5DF09B}"
EndProject
Project("{FAE04EC0-301F-11D3-BF4B-00C04F79EFBC}") = "DataTest", "DataTest\DataTest.csproj", "{5FC47D6E-BF99-47B0-8341-4D4E721DDF38}"
EndProject
Project("{FAE04EC0-301F-11D3-BF4B-00C04F79EFBC}") = "PresentationModelTest", "PresentationModelTest\PresentationModelTest.csproj", "{2D2A5294-CB0B-4546-BA07-9D16E5243C11}"
EndProject
Project("{FAE04EC0-301F-11D3-BF4B-00C04F79EFBC}") = "PresentationViewModelTest", "PresentationViewModelTest\PresentationViewModelTest.csproj", "{DD0CFF8F-D67D-4E2F-8522-C991BB4653E8}"
EndProject
Global
	GlobalSection(SolutionConfigurationPlatforms) = preSolution
		Debug|Any CPU = Debug|Any CPU
		Release|Any CPU = Release|Any CPU
	EndGlobalSection
	GlobalSection(ProjectConfigurationPlatforms) = postSolution
		{1D33353C-6DA7-47B6-9F06-A9BAEEFA4B4F}.Debug|Any CPU.ActiveCfg = Debug|Any CPU
		{1D33353C-6DA7-47B6-9F06-A9BAEEFA4B4F}.Debug|Any CPU.Build.0 = Debug|Any CPU
		{1D33353C-6DA7-47B6-9F06-A9BAEEFA4B4F}.Release|Any CPU.ActiveCfg = Release|Any CPU
		{1D33353C-6DA7-47B6-9F06-A9BAEEFA4B4F}.Release|Any CPU.Build.0 = Release|Any CPU
		{8462AE1A-D4F1-432B-8096-282C5052AD2B}.Debug|Any CPU.ActiveCfg = Debug|Any CPU
		{8462AE1A-D4F1-432B-8096-282C5052AD2B}.Debug|Any CPU.Build.0 = Debug|Any CPU
		{8462AE1A-D4F1-432B-8096-282C5052AD2B}.Release|Any CPU.ActiveCfg = Release|Any CPU
		{8462AE1A-D4F1-432B-8096-282C5052AD2B}.Release|Any CPU.Build.0 = Release|Any CPU
		{691AB9A6-C89A-4B8B-B368-2020B66296D5}.Debug|Any CPU.ActiveCfg = Debug|Any CPU
		{691AB9A6-C89A-4B8B-B368-2020B66296D5}.Debug|Any CPU.Build.0 = Debug|Any CPU
		{691AB9A6-C89A-4B8B-B368-2020B66296D5}.Release|Any CPU.ActiveCfg = Release|Any CPU
		{691AB9A6-C89A-4B8B-B368-2020B66296D5}.Release|Any CPU.Build.0 = Release|Any CPU
		{E84D04B7-FA6A-4DF8-B6D7-BB4497329C03}.Debug|Any CPU.ActiveCfg = Debug|Any CPU
		{E84D04B7-FA6A-4DF8-B6D7-BB4497329C03}.Debug|Any CPU.Build.0 = Debug|Any CPU
		{E84D04B7-FA6A-4DF8-B6D7-BB4497329C03}.Release|Any CPU.ActiveCfg = Release|Any CPU
		{E84D04B7-FA6A-4DF8-B6D7-BB4497329C03}.Release|Any CPU.Build.0 = Release|Any CPU
		{22E414AF-5AC9-4A9E-A55A-717CE94A30E7}.Debug|Any CPU.ActiveCfg = Debug|Any CPU
		{22E414AF-5AC9-4A9E-A55A-717CE94A30E7}.Debug|Any CPU.Build.0 = Debug|Any CPU
		{22E414AF-5AC9-4A9E-A55A-717CE94A30E7}.Release|Any CPU.ActiveCfg = Release|Any CPU
		{22E414AF-5AC9-4A9E-A55A-717CE94A30E7}.Release|Any CPU.Build.0 = Release|Any CPU
		{009CF956-348B-41DF-B5DF-5043AC5DF09B}.Debug|Any CPU.ActiveCfg = Debug|Any CPU
		{009CF956-348B-41DF-B5DF-5043AC5DF09B}.Debug|Any CPU.Build.0 = Debug|Any CPU
		{009CF956-348B-41DF-B5DF-5043AC5DF09B}.Release|Any CPU.ActiveCfg = Release|Any CPU
		{009CF956-348B-41DF-B5DF-5043AC5DF09B}.Release|Any CPU.Build.0 = Release|Any CPU
		{5FC47D6E-BF99-47B0-8341-4D4E721DDF38}.Debug|Any CPU.ActiveCfg = Debug|Any CPU
		{5FC47D6E-BF99-47B0-8341-4D4E721DDF38}.Debug|Any CPU.Build.0 = Debug|Any CPU
		{5FC47D6E-BF99-47B0-8341-4D4E721DDF38}.Release|Any CPU.ActiveCfg = Release|Any CPU
		{5FC47D6E-BF99-47B0-8341-4D4E721DDF38}.Release|Any CPU.Build.0 = Release|Any CPU
		{2D2A5294-CB0B-4546-BA07-9D16E5243C11}.Debug|Any CPU.ActiveCfg = Debug|Any CPU
		{2D2A5294-CB0B-4546-BA07-9D16E5243C11}.Debug|Any CPU.Build.0 = Debug|Any CPU
		{2D2A5294-CB0B-4546-BA07-9D16E5243C11}.Release|Any CPU.ActiveCfg = Release|Any CPU
		{2D2A5294-CB0B-4546-BA07-9D16E5243C11}.Release|Any CPU.Build.0 = Release|Any CPU
		{DD0CFF8F-D67D-4E2F-8522-C991BB4653E8}.Debug|Any CPU.ActiveCfg = Debug|Any CPU
		{DD0CFF8F-D67D-4E2F-8522-C991BB4653E8}.Debug|Any CPU.Build.0 = Debug|Any CPU
		{DD0CFF8F-D67D-4E2F-8522-C991BB4653E8}.Release|Any CPU.ActiveCfg = Release|Any CPU
		{DD0CFF8F-D67D-4E2F-8522-C991BB4653E8}.Release|Any CPU.Build.0 = Release|Any CPU
	EndGlobalSection
	GlobalSection(SolutionProperties) = preSolution
		HideSolutionNode = FALSE
	EndGlobalSection
	GlobalSection(ExtensibilityGlobals) = postSolution
		SolutionGuid = {F1B33C66-4755-4688-93F4-97EFACC60696}
	EndGlobalSection
EndGlobal
